
Microsoft Visual Studio Solution File, Format Version 12.00
# Visual Studio Version 17
VisualStudioVersion = 17.9.34723.18
MinimumVisualStudioVersion = 10.0.40219.1
Project("{FAE04EC0-301F-11D3-BF4B-00C04F79EFBC}") = "EmojiHelper", "EmojiHelper\EmojiHelper.csproj", "{35752E37-DD93-45C9-889B-8195A06DE6B6}"
EndProject
Global
	GlobalSection(SolutionConfigurationPlatforms) = preSolution
		Debug|Any CPU = Debug|Any CPU
		Release|Any CPU = Release|Any CPU
	EndGlobalSection
	GlobalSection(ProjectConfigurationPlatforms) = postSolution
		{35752E37-DD93-45C9-889B-8195A06DE6B6}.Debug|Any CPU.ActiveCfg = Debug|Any CPU
		{35752E37-DD93-45C9-889B-8195A06DE6B6}.Debug|Any CPU.Build.0 = Debug|Any CPU
		{35752E37-DD93-45C9-889B-8195A06DE6B6}.Release|Any CPU.ActiveCfg = Release|Any CPU
		{35752E37-DD93-45C9-889B-8195A06DE6B6}.Release|Any CPU.Build.0 = Release|Any CPU
	EndGlobalSection
	GlobalSection(SolutionProperties) = preSolution
		HideSolutionNode = FALSE
	EndGlobalSection
	GlobalSection(ExtensibilityGlobals) = postSolution
		SolutionGuid = {DABC8556-B18F-4FD6-9E20-713B37B7F5A5}
	EndGlobalSection
EndGlobal
